{
  "name": "claude-here",
  "version": "1.0.0",
  "lockfileVersion": 3,
  "requires": true,
  "packages": {
    "": {
      "name": "claude-here",
      "version": "1.0.0",
      "license": "SEE LICENSE IN LICENSE",
      "bin": {
        "claude-here": "bin/claude-here.cjs"
      },
      "engines": {
        "node": ">=18"
      }
    }
  }
}
